
Microsoft Visual Studio Solution File, Format Version 12.00
# Visual Studio 15
VisualStudioVersion = 15.0.27130.0
MinimumVisualStudioVersion = 10.0.40219.1
Project("{FAE04EC0-301F-11D3-BF4B-00C04F79EFBC}") = "MVCCrud", "MVCCrud\MVCCrud.csproj", "{0DBF50D6-38EA-4965-940A-29A3B825A910}"
EndProject
Project("{FAE04EC0-301F-11D3-BF4B-00C04F79EFBC}") = "ShoesData", "ShoesData\ShoesData.csproj", "{12433B18-FBDC-4584-9744-0FCC7603F50D}"
EndProject
Global
	GlobalSection(SolutionConfigurationPlatforms) = preSolution
		Debug|Any CPU = Debug|Any CPU
		Release|Any CPU = Release|Any CPU
	EndGlobalSection
	GlobalSection(ProjectConfigurationPlatforms) = postSolution
		{0DBF50D6-38EA-4965-940A-29A3B825A910}.Debug|Any CPU.ActiveCfg = Debug|Any CPU
		{0DBF50D6-38EA-4965-940A-29A3B825A910}.Debug|Any CPU.Build.0 = Debug|Any CPU
		{0DBF50D6-38EA-4965-940A-29A3B825A910}.Release|Any CPU.ActiveCfg = Release|Any CPU
		{0DBF50D6-38EA-4965-940A-29A3B825A910}.Release|Any CPU.Build.0 = Release|Any CPU
		{12433B18-FBDC-4584-9744-0FCC7603F50D}.Debug|Any CPU.ActiveCfg = Debug|Any CPU
		{12433B18-FBDC-4584-9744-0FCC7603F50D}.Debug|Any CPU.Build.0 = Debug|Any CPU
		{12433B18-FBDC-4584-9744-0FCC7603F50D}.Release|Any CPU.ActiveCfg = Release|Any CPU
		{12433B18-FBDC-4584-9744-0FCC7603F50D}.Release|Any CPU.Build.0 = Release|Any CPU
	EndGlobalSection
	GlobalSection(SolutionProperties) = preSolution
		HideSolutionNode = FALSE
	EndGlobalSection
	GlobalSection(ExtensibilityGlobals) = postSolution
		SolutionGuid = {92E35B0E-BB6E-4445-9880-BB340AD1C1C4}
	EndGlobalSection
EndGlobal
